lockfileVersion: '9.0'

settings:
  autoInstallPeers: true
  excludeLinksFromLockfile: false

importers:

  .:
    dependencies:
      '@mysten/wallet-adapter-base':
        specifier: ^0.9.0
        version: 0.9.0
      '@mysten/wallet-standard':
        specifier: ^0.20.1
        version: 0.20.1(@mysten/sui@2.6.0(typescript@5.9.3))
      '@wallet-standard/core':
        specifier: ^1.1.1
        version: 1.1.1
      '@wallet-standard/features':
        specifier: ^1.1.0
        version: 1.1.0
    devDependencies:
      typescript:
        specifier: ^5.9.3
        version: 5.9.3

packages:

  '@0no-co/graphql.web@1.2.0':
    resolution: {integrity: sha512-/1iHy9TTr63gE1YcR5idjx8UREz1s0kFhydf3bBLCXyqjhkIc6igAzTOx3zPifCwFR87tsh/4Pa9cNts6d2otw==}
    peerDependencies:
      graphql: ^14.0.0 || ^15.0.0 || ^16.0.0
    peerDependenciesMeta:
      graphql:
        optional: true

  '@0no-co/graphqlsp@1.15.2':
    resolution: {integrity: sha512-Ys031WnS3sTQQBtRTkQsYnw372OlW72ais4sp0oh2UMPRNyxxnq85zRfU4PIdoy9kWriysPT5BYAkgIxhbonFA==}
    peerDependencies:
      graphql: ^15.5.0 || ^16.0.0 || ^17.0.0
      typescript: ^5.0.0

  '@gql.tada/cli-utils@1.7.2':
    resolution: {integrity: sha512-Qbc7hbLvCz6IliIJpJuKJa9p05b2Jona7ov7+qofCsMRxHRZE1kpAmZMvL8JCI4c0IagpIlWNaMizXEQUe8XjQ==}
    peerDependencies:
      '@0no-co/graphqlsp': ^1.12.13
      '@gql.tada/svelte-support': 1.0.1
      '@gql.tada/vue-support': 1.0.1
      graphql: ^15.5.0 || ^16.0.0 || ^17.0.0
      typescript: ^5.0.0
    peerDependenciesMeta:
      '@gql.tada/svelte-support':
        optional: true
      '@gql.tada/vue-support':
        optional: true

  '@gql.tada/internal@1.0.8':
    resolution: {integrity: sha512-XYdxJhtHC5WtZfdDqtKjcQ4d7R1s0d1rnlSs3OcBEUbYiPoJJfZU7tWsVXuv047Z6msvmr4ompJ7eLSK5Km57g==}
    peerDependencies:
      graphql: ^15.5.0 || ^16.0.0 || ^17.0.0
      typescript: ^5.0.0

  '@graphql-typed-document-node/core@3.2.0':
    resolution: {integrity: sha512-mB9oAsNCm9aM3/SOv4YtBMqZbYj10R7dkq8byBqxGY/ncFwhf2oQzMV+LCRlWoDSEBJ3COiR1yeDvMtsoOsuFQ==}
    peerDependencies:
      graphql: ^0.8.0 || ^0.9.0 || ^0.10.0 || ^0.11.0 || ^0.12.0 || ^0.13.0 || ^14.0.0 || ^15.0.0 || ^16.0.0 || ^17.0.0

  '@mysten/bcs@0.7.3':
    resolution: {integrity: sha512-fbusBfsyc2MpTACi72H5edWJ670T84va+qn9jSPpb5BzZ+pzUM1Q0ApPrF5OT+mB1o5Ng+mxPQpBCZQkfiV2TA==}

  '@mysten/bcs@2.0.2':
    resolution: {integrity: sha512-c/nVRPJEV1fRZdKXhysVsy/yCPdiFt7jn6A4/7W2LH1ZPSVPzRkxtLY362D0zaLuBnyT5Y9d9nFLm3ixI8Goug==}

  '@mysten/sui.js@0.40.0':
    resolution: {integrity: sha512-PEGdMe+QgpIdDIpyO4/yb+CK4x3Hki+kYPbQ5n3DVsWyb2ztFwB+5oYdc7qG3QkniO1lnCrlSHqZ5mN+x3RzrQ==}
    engines: {node: '>=16'}
    deprecated: This package has been renamed to @mysten/sui, please update to use the renamed package.

  '@mysten/sui@2.6.0':
    resolution: {integrity: sha512-Dp3z7mDuUCXGgldQ3/AtC1iDiK48XTuAi//fPrHdxEaMl+f5VLjbYtB+mlKNC1SVYLKOUjTeF/RA9qfEBY++pA==}
    engines: {node: '>=22'}

  '@mysten/utils@0.3.1':
    resolution: {integrity: sha512-36KhxG284uhDdSnlkyNaS6fzKTX9FpP2WQWOwUKIRsqQFFIm2ooCf2TP1IuqrtMpkairwpiWkAS0eg7cpemVzg==}

  '@mysten/wallet-adapter-base@0.9.0':
    resolution: {integrity: sha512-Obcfd30AC0Tcyvqc9+h0vvjrRB6Td2PNWhxRlTq/hSxDY66M3XqTLgoO8wDBtz+91oga4obAYvM02m7xV7X0Zw==}
    deprecated: Wallet adapters have been deprecated in favor of the Wallet Standard. Please upgrade to the latest Wallet Kit versions.

  '@mysten/wallet-standard@0.20.1':
    resolution: {integrity: sha512-Q2GoXO1SPLayqunNIWI3VT8cyOVGTFAPUvaCzx7jYIEoZBfyCR5RCUS4/ehgAlApF88Y/1c/OfjBvEoeRi76jw==}
    peerDependencies:
      '@mysten/sui': '*'

  '@mysten/wallet-standard@0.6.0':
    resolution: {integrity: sha512-xE/OijN9zIPoTjTWuxlYMHtp7kXPcAR8dDAbxOIH5h7EZCTk+G6p+SzDp8jV5magf50VcYP0cVjS4CQLx1wQuQ==}

  '@noble/curves@1.9.7':
    resolution: {integrity: sha512-gbKGcRUYIjA3/zCCNaWDciTMFI0dCkvou3TL8Zmy5Nc7sJ47a0jtOeZoTaMxkuqRo9cRhjOdZJXegxYE5FN/xw==}
    engines: {node: ^14.21.3 || >=16}

  '@noble/curves@2.0.1':
    resolution: {integrity: sha512-vs1Az2OOTBiP4q0pwjW5aF0xp9n4MxVrmkFBxc6EKZc6ddYx5gaZiAsZoq0uRRXWbi3AT/sBqn05eRPtn1JCPw==}
    engines: {node: '>= 20.19.0'}

  '@noble/hashes@1.8.0':
    resolution: {integrity: sha512-jCs9ldd7NwzpgXDIf6P3+NrHh9/sD6CQdxHyjQI+h/6rDNo88ypBxxz45UDuZHz9r3tNz7N/VInSVoVdtXEI4A==}
    engines: {node: ^14.21.3 || >=16}

  '@noble/hashes@2.0.1':
    resolution: {integrity: sha512-XlOlEbQcE9fmuXxrVTXCTlG2nlRXa9Rj3rr5Ue/+tX+nmkgbX720YHh0VR3hBF9xDvwnb8D2shVGOwNx+ulArw==}
    engines: {node: '>= 20.19.0'}

  '@open-rpc/client-js@1.8.1':
    resolution: {integrity: sha512-vV+Hetl688nY/oWI9IFY0iKDrWuLdYhf7OIKI6U1DcnJV7r4gAgwRJjEr1QVYszUc0gjkHoQJzqevmXMGLyA0g==}

  '@protobuf-ts/grpcweb-transport@2.11.1':
    resolution: {integrity: sha512-1W4utDdvOB+RHMFQ0soL4JdnxjXV+ddeGIUg08DvZrA8Ms6k5NN6GBFU2oHZdTOcJVpPrDJ02RJlqtaoCMNBtw==}

  '@protobuf-ts/runtime-rpc@2.11.1':
    resolution: {integrity: sha512-4CqqUmNA+/uMz00+d3CYKgElXO9VrEbucjnBFEjqI4GuDrEQ32MaI3q+9qPBvIGOlL4PmHXrzM32vBPWRhQKWQ==}

  '@protobuf-ts/runtime@2.11.1':
    resolution: {integrity: sha512-KuDaT1IfHkugM2pyz+FwiY80ejWrkH1pAtOBOZFuR6SXEFTsnb/jiQWQ1rCIrcKx2BtyxnxW6BWwsVSA/Ie+WQ==}

  '@scure/base@1.2.6':
    resolution: {integrity: sha512-g/nm5FgUa//MCj1gV09zTJTaM6KBAHqLN907YVQqf7zC49+DcO4B1so4ZX07Ef10Twr6nuqYEH9GEggFXA4Fmg==}

  '@scure/base@2.0.0':
    resolution: {integrity: sha512-3E1kpuZginKkek01ovG8krQ0Z44E3DHPjc5S2rjJw9lZn3KSQOs8S7wqikF/AH7iRanHypj85uGyxk0XAyC37w==}

  '@scure/bip32@1.7.0':
    resolution: {integrity: sha512-E4FFX/N3f4B80AKWp5dP6ow+flD1LQZo/w8UnLGYZO674jS6YnYeepycOOksv+vLPSpgN35wgKgy+ybfTb2SMw==}

  '@scure/bip32@2.0.1':
    resolution: {integrity: sha512-4Md1NI5BzoVP+bhyJaY3K6yMesEFzNS1sE/cP+9nuvE7p/b0kx9XbpDHHFl8dHtufcbdHRUUQdRqLIPHN/s7yA==}

  '@scure/bip39@1.6.0':
    resolution: {integrity: sha512-+lF0BbLiJNwVlev4eKelw1WWLaiKXw7sSl8T6FvBlWkdX+94aGJ4o8XjUdlyhTCjd8c+B3KT3JfS8P0bLRNU6A==}

  '@scure/bip39@2.0.1':
    resolution: {integrity: sha512-PsxdFj/d2AcJcZDX1FXN3dDgitDDTmwf78rKZq1a6c1P1Nan1X/Sxc7667zU3U+AN60g7SxxP0YCVw2H/hBycg==}

  '@suchipi/femver@1.0.0':
    resolution: {integrity: sha512-bprE8+K5V+DPX7q2e2K57ImqNBdfGHDIWaGI5xHxZoxbKOuQZn4wzPiUxOAHnsUr3w3xHrWXwN7gnG/iIuEMIg==}

  '@wallet-standard/app@1.1.0':
    resolution: {integrity: sha512-3CijvrO9utx598kjr45hTbbeeykQrQfKmSnxeWOgU25TOEpvcipD/bYDQWIqUv1Oc6KK4YStokSMu/FBNecGUQ==}
    engines: {node: '>=16'}

  '@wallet-standard/base@1.1.0':
    resolution: {integrity: sha512-DJDQhjKmSNVLKWItoKThJS+CsJQjR9AOBOirBVT1F9YpRyC9oYHE+ZnSf8y8bxUphtKqdQMPVQ2mHohYdRvDVQ==}
    engines: {node: '>=16'}

  '@wallet-standard/core@1.0.3':
    resolution: {integrity: sha512-Jb33IIjC1wM1HoKkYD7xQ6d6PZ8EmMZvyc8R7dFgX66n/xkvksVTW04g9yLvQXrLFbcIjHrCxW6TXMhvpsAAzg==}
    engines: {node: '>=16'}

  '@wallet-standard/core@1.1.1':
    resolution: {integrity: sha512-5Xmjc6+Oe0hcPfVc5n8F77NVLwx1JVAoCVgQpLyv/43/bhtIif+Gx3WUrDlaSDoM8i2kA2xd6YoFbHCxs+e0zA==}
    engines: {node: '>=16'}

  '@wallet-standard/errors@0.1.1':
    resolution: {integrity: sha512-V8Ju1Wvol8i/VDyQOHhjhxmMVwmKiwyxUZBnHhtiPZJTWY0U/Shb2iEWyGngYEbAkp2sGTmEeNX1tVyGR7PqNw==}
    engines: {node: '>=16'}
    hasBin: true

  '@wallet-standard/features@1.1.0':
    resolution: {integrity: sha512-hiEivWNztx73s+7iLxsuD1sOJ28xtRix58W7Xnz4XzzA/pF0+aicnWgjOdA10doVDEDZdUuZCIIqG96SFNlDUg==}
    engines: {node: '>=16'}

  '@wallet-standard/wallet@1.1.0':
    resolution: {integrity: sha512-Gt8TnSlDZpAl+RWOOAB/kuvC7RpcdWAlFbHNoi4gsXsfaWa1QCT6LBcfIYTPdOZC9OVZUDwqGuGAcqZejDmHjg==}
    engines: {node: '>=16'}

  base-x@4.0.1:
    resolution: {integrity: sha512-uAZ8x6r6S3aUM9rbHGVOIsR15U/ZSc82b3ymnCPsT45Gk1DDvhDPdIgB5MrhirZWt+5K0EEPQH985kNqZgNPFw==}

  bs58@5.0.0:
    resolution: {integrity: sha512-r+ihvQJvahgYT50JD05dyJNKlmmSlMoOGwn1lCcEzanPglg7TxYjioQUYehQ9mAR/+hOSd2jRc/Z2y5UxBymvQ==}

  chalk@5.6.2:
    resolution: {integrity: sha512-7NzBL0rN6fMUW+f7A6Io4h40qQlG+xGmtMxfbnH/K7TAtt8JQWVQK+6g0UXKMeVJoyV5EkkNsErQ8pVD3bLHbA==}
    engines: {node: ^12.17.0 || ^14.13 || >=16.0.0}

  commander@13.1.0:
    resolution: {integrity: sha512-/rFeCpNJQbhSZjGVwO9RFV3xPqbnERS8MmIQzCtD/zl6gpJuV/bMLuN92oG3F7d8oDEHHRrujSXNUr8fpjntKw==}
    engines: {node: '>=18'}

  events@3.3.0:
    resolution: {integrity: sha512-mQw+2fkQbALzQ7V0MY0IqdnXNOeTtP4r0lN9z7AAawCXgqea7bDii20AYrIBrFd/Hx0M2Ocz6S111CaFkUcb0Q==}
    engines: {node: '>=0.8.x'}

  gql.tada@1.9.0:
    resolution: {integrity: sha512-1LMiA46dRs5oF7Qev6vMU32gmiNvM3+3nHoQZA9K9j2xQzH8xOAWnnJrLSbZOFHTSdFxqn86TL6beo1/7ja/aA==}
    hasBin: true
    peerDependencies:
      typescript: ^5.0.0

  graphql@16.13.1:
    resolution: {integrity: sha512-gGgrVCoDKlIZ8fIqXBBb0pPKqDgki0Z/FSKNiQzSGj2uEYHr1tq5wmBegGwJx6QB5S5cM0khSBpi/JFHMCvsmQ==}
    engines: {node: ^12.22.0 || ^14.16.0 || ^16.0.0 || >=17.0.0}

  isomorphic-fetch@3.0.0:
    resolution: {integrity: sha512-qvUtwJ3j6qwsF3jLxkZ72qCgjMysPzDfeV240JHiGZsANBYd+EEuu35v7dfrJ9Up0Ak07D7GGSkGhCHTqg/5wA==}

  isomorphic-ws@5.0.0:
    resolution: {integrity: sha512-muId7Zzn9ywDsyXgTIafTry2sV3nySZeUDe6YedVd1Hvuuep5AsIlqK+XefWpYTyJG5e503F2xIuT2lcU6rCSw==}
    peerDependencies:
      ws: '*'

  node-fetch@2.7.0:
    resolution: {integrity: sha512-c4FRfUm/dbcWZ7U+1Wq0AwCyFL+3nt2bEw05wfxSz+DWpWsitgmSgYmy2dQdWyKC1694ELPqMs/YzUSNozLt8A==}
    engines: {node: 4.x || >=6.0.0}
    peerDependencies:
      encoding: ^0.1.0
    peerDependenciesMeta:
      encoding:
        optional: true

  poseidon-lite@0.2.1:
    resolution: {integrity: sha512-xIr+G6HeYfOhCuswdqcFpSX47SPhm0EpisWJ6h7fHlWwaVIvH3dLnejpatrtw6Xc6HaLrpq05y7VRfvDmDGIog==}

  strict-event-emitter-types@2.0.0:
    resolution: {integrity: sha512-Nk/brWYpD85WlOgzw5h173aci0Teyv8YdIAEtV+N88nDB0dLlazZyJMIsN6eo1/AR61l+p6CJTG1JIyFaoNEEA==}

  superstruct@1.0.4:
    resolution: {integrity: sha512-7JpaAoX2NGyoFlI9NBh66BQXGONc+uE+MRS5i2iOBKuS4e+ccgMDjATgZldkah+33DakBxDHiss9kvUcGAO8UQ==}
    engines: {node: '>=14.0.0'}

  tr46@0.0.3:
    resolution: {integrity: sha512-N3WMsuqV66lT30CrXNbEjx4GEwlow3v6rr4mCcv6prnfwhS01rkgyFdjPNBYd9br7LpXV1+Emh01fHnq2Gdgrw==}

  tweetnacl@1.0.3:
    resolution: {integrity: sha512-6rt+RN7aOi1nGMyC4Xa5DdYiukl2UWCbcJft7YhxReBGQD7OAM8Pbxw6YMo4r2diNEA8FEmu32YOn9rhaiE5yw==}

  typescript@5.9.3:
    resolution: {integrity: sha512-jl1vZzPDinLr9eUt3J/t7V6FgNEw9QjvBPdysz9KfQDD41fQrC2Y4vKQdiaUpFT4bXlb1RHhLpp8wtm6M5TgSw==}
    engines: {node: '>=14.17'}
    hasBin: true

  valibot@1.2.0:
    resolution: {integrity: sha512-mm1rxUsmOxzrwnX5arGS+U4T25RdvpPjPN4yR0u9pUBov9+zGVtO84tif1eY4r6zWxVxu3KzIyknJy3rxfRZZg==}
    peerDependencies:
      typescript: '>=5'
    peerDependenciesMeta:
      typescript:
        optional: true

  webidl-conversions@3.0.1:
    resolution: {integrity: sha512-2JAn3z8AR6rjK8Sm8orRC0h/bcl/DqL7tRPdGZ4I1CjdF+EaMLmYxBHyXuKL849eucPFhvBoxMsflfOb8kxaeQ==}

  whatwg-fetch@3.6.20:
    resolution: {integrity: sha512-EqhiFU6daOA8kpjOWTL0olhVOF3i7OrFzSYiGsEMB8GcXS+RrzauAERX65xMeNWVqxA6HXH2m69Z9LaKKdisfg==}

  whatwg-url@5.0.0:
    resolution: {integrity: sha512-saE57nupxk6v3HY35+jzBwYa0rKSy0XR8JSxZPwgLr7ys0IBzhGviA1/TUGJLmSVqs8pb9AnvICXEuOHLprYTw==}

  ws@7.5.10:
    resolution: {integrity: sha512-+dbF1tHwZpXcbOJdVOkzLDxZP1ailvSxM6ZweXTegylPny803bFhA+vqBYw4s31NSAk4S2Qz+AKXK9a4wkdjcQ==}
    engines: {node: '>=8.3.0'}
    peerDependencies:
      bufferutil: ^4.0.1
      utf-8-validate: ^5.0.2
    peerDependenciesMeta:
      bufferutil:
        optional: true
      utf-8-validate:
        optional: true

snapshots:

  '@0no-co/graphql.web@1.2.0(graphql@16.13.1)':
    optionalDependencies:
      graphql: 16.13.1

  '@0no-co/graphqlsp@1.15.2(graphql@16.13.1)(typescript@5.9.3)':
    dependencies:
      '@gql.tada/internal': 1.0.8(graphql@16.13.1)(typescript@5.9.3)
      graphql: 16.13.1
      typescript: 5.9.3

  '@gql.tada/cli-utils@1.7.2(@0no-co/graphqlsp@1.15.2(graphql@16.13.1)(typescript@5.9.3))(graphql@16.13.1)(typescript@5.9.3)':
    dependencies:
      '@0no-co/graphqlsp': 1.15.2(graphql@16.13.1)(typescript@5.9.3)
      '@gql.tada/internal': 1.0.8(graphql@16.13.1)(typescript@5.9.3)
      graphql: 16.13.1
      typescript: 5.9.3

  '@gql.tada/internal@1.0.8(graphql@16.13.1)(typescript@5.9.3)':
    dependencies:
      '@0no-co/graphql.web': 1.2.0(graphql@16.13.1)
      graphql: 16.13.1
      typescript: 5.9.3

  '@graphql-typed-document-node/core@3.2.0(graphql@16.13.1)':
    dependencies:
      graphql: 16.13.1

  '@mysten/bcs@0.7.3':
    dependencies:
      bs58: 5.0.0

  '@mysten/bcs@2.0.2':
    dependencies:
      '@mysten/utils': 0.3.1
      '@scure/base': 2.0.0

  '@mysten/sui.js@0.40.0':
    dependencies:
      '@mysten/bcs': 0.7.3
      '@noble/curves': 1.9.7
      '@noble/hashes': 1.8.0
      '@open-rpc/client-js': 1.8.1
      '@scure/bip32': 1.7.0
      '@scure/bip39': 1.6.0
      '@suchipi/femver': 1.0.0
      events: 3.3.0
      superstruct: 1.0.4
      tweetnacl: 1.0.3
    transitivePeerDependencies:
      - bufferutil
      - encoding
      - utf-8-validate

  '@mysten/sui@2.6.0(typescript@5.9.3)':
    dependencies:
      '@graphql-typed-document-node/core': 3.2.0(graphql@16.13.1)
      '@mysten/bcs': 2.0.2
      '@mysten/utils': 0.3.1
      '@noble/curves': 2.0.1
      '@noble/hashes': 2.0.1
      '@protobuf-ts/grpcweb-transport': 2.11.1
      '@protobuf-ts/runtime': 2.11.1
      '@protobuf-ts/runtime-rpc': 2.11.1
      '@scure/base': 2.0.0
      '@scure/bip32': 2.0.1
      '@scure/bip39': 2.0.1
      gql.tada: 1.9.0(graphql@16.13.1)(typescript@5.9.3)
      graphql: 16.13.1
      poseidon-lite: 0.2.1
      valibot: 1.2.0(typescript@5.9.3)
    transitivePeerDependencies:
      - '@gql.tada/svelte-support'
      - '@gql.tada/vue-support'
      - typescript

  '@mysten/utils@0.3.1':
    dependencies:
      '@scure/base': 2.0.0

  '@mysten/wallet-adapter-base@0.9.0':
    dependencies:
      '@mysten/sui.js': 0.40.0
      '@mysten/wallet-standard': 0.6.0
    transitivePeerDependencies:
      - bufferutil
      - encoding
      - utf-8-validate

  '@mysten/wallet-standard@0.20.1(@mysten/sui@2.6.0(typescript@5.9.3))':
    dependencies:
      '@mysten/sui': 2.6.0(typescript@5.9.3)
      '@wallet-standard/core': 1.1.1

  '@mysten/wallet-standard@0.6.0':
    dependencies:
      '@mysten/sui.js': 0.40.0
      '@wallet-standard/core': 1.0.3
    transitivePeerDependencies:
      - bufferutil
      - encoding
      - utf-8-validate

  '@noble/curves@1.9.7':
    dependencies:
      '@noble/hashes': 1.8.0

  '@noble/curves@2.0.1':
    dependencies:
      '@noble/hashes': 2.0.1

  '@noble/hashes@1.8.0': {}

  '@noble/hashes@2.0.1': {}

  '@open-rpc/client-js@1.8.1':
    dependencies:
      isomorphic-fetch: 3.0.0
      isomorphic-ws: 5.0.0(ws@7.5.10)
      strict-event-emitter-types: 2.0.0
      ws: 7.5.10
    transitivePeerDependencies:
      - bufferutil
      - encoding
      - utf-8-validate

  '@protobuf-ts/grpcweb-transport@2.11.1':
    dependencies:
      '@protobuf-ts/runtime': 2.11.1
      '@protobuf-ts/runtime-rpc': 2.11.1

  '@protobuf-ts/runtime-rpc@2.11.1':
    dependencies:
      '@protobuf-ts/runtime': 2.11.1

  '@protobuf-ts/runtime@2.11.1': {}

  '@scure/base@1.2.6': {}

  '@scure/base@2.0.0': {}

  '@scure/bip32@1.7.0':
    dependencies:
      '@noble/curves': 1.9.7
      '@noble/hashes': 1.8.0
      '@scure/base': 1.2.6

  '@scure/bip32@2.0.1':
    dependencies:
      '@noble/curves': 2.0.1
      '@noble/hashes': 2.0.1
      '@scure/base': 2.0.0

  '@scure/bip39@1.6.0':
    dependencies:
      '@noble/hashes': 1.8.0
      '@scure/base': 1.2.6

  '@scure/bip39@2.0.1':
    dependencies:
      '@noble/hashes': 2.0.1
      '@scure/base': 2.0.0

  '@suchipi/femver@1.0.0': {}

  '@wallet-standard/app@1.1.0':
    dependencies:
      '@wallet-standard/base': 1.1.0

  '@wallet-standard/base@1.1.0': {}

  '@wallet-standard/core@1.0.3':
    dependencies:
      '@wallet-standard/app': 1.1.0
      '@wallet-standard/base': 1.1.0
      '@wallet-standard/features': 1.1.0
      '@wallet-standard/wallet': 1.1.0

  '@wallet-standard/core@1.1.1':
    dependencies:
      '@wallet-standard/app': 1.1.0
      '@wallet-standard/base': 1.1.0
      '@wallet-standard/errors': 0.1.1
      '@wallet-standard/features': 1.1.0
      '@wallet-standard/wallet': 1.1.0

  '@wallet-standard/errors@0.1.1':
    dependencies:
      chalk: 5.6.2
      commander: 13.1.0

  '@wallet-standard/features@1.1.0':
    dependencies:
      '@wallet-standard/base': 1.1.0

  '@wallet-standard/wallet@1.1.0':
    dependencies:
      '@wallet-standard/base': 1.1.0

  base-x@4.0.1: {}

  bs58@5.0.0:
    dependencies:
      base-x: 4.0.1

  chalk@5.6.2: {}

  commander@13.1.0: {}

  events@3.3.0: {}

  gql.tada@1.9.0(graphql@16.13.1)(typescript@5.9.3):
    dependencies:
      '@0no-co/graphql.web': 1.2.0(graphql@16.13.1)
      '@0no-co/graphqlsp': 1.15.2(graphql@16.13.1)(typescript@5.9.3)
      '@gql.tada/cli-utils': 1.7.2(@0no-co/graphqlsp@1.15.2(graphql@16.13.1)(typescript@5.9.3))(graphql@16.13.1)(typescript@5.9.3)
      '@gql.tada/internal': 1.0.8(graphql@16.13.1)(typescript@5.9.3)
      typescript: 5.9.3
    transitivePeerDependencies:
      - '@gql.tada/svelte-support'
      - '@gql.tada/vue-support'
      - graphql

  graphql@16.13.1: {}

  isomorphic-fetch@3.0.0:
    dependencies:
      node-fetch: 2.7.0
      whatwg-fetch: 3.6.20
    transitivePeerDependencies:
      - encoding

  isomorphic-ws@5.0.0(ws@7.5.10):
    dependencies:
      ws: 7.5.10

  node-fetch@2.7.0:
    dependencies:
      whatwg-url: 5.0.0

  poseidon-lite@0.2.1: {}

  strict-event-emitter-types@2.0.0: {}

  superstruct@1.0.4: {}

  tr46@0.0.3: {}

  tweetnacl@1.0.3: {}

  typescript@5.9.3: {}

  valibot@1.2.0(typescript@5.9.3):
    optionalDependencies:
      typescript: 5.9.3

  webidl-conversions@3.0.1: {}

  whatwg-fetch@3.6.20: {}

  whatwg-url@5.0.0:
    dependencies:
      tr46: 0.0.3
      webidl-conversions: 3.0.1

  ws@7.5.10: {}
